// !$*UTF8*$!
{
	archiveVersion = 1;
	classes = {
	};
	objectVersion = 50;
	objects = {

/* Begin PBXBuildFile section */
		052932FA26A302A400ED611F /* AfricaApp.swift in Sources */ = {isa = PBXBuildFile; fileRef = 052932F926A302A400ED611F /* AfricaApp.swift */; };
		052932FC26A302A400ED611F /* ContentView.swift in Sources */ = {isa = PBXBuildFile; fileRef = 052932FB26A302A400ED611F /* ContentView.swift */; };
		052932FE26A302A700ED611F /* Assets.xcassets in Resources */ = {isa = PBXBuildFile; fileRef = 052932FD26A302A700ED611F /* Assets.xcassets */; };
		0529330126A302A700ED611F /* Preview Assets.xcassets in Resources */ = {isa = PBXBuildFile; fileRef = 0529330026A302A700ED611F /* Preview Assets.xcassets */; };
		0529331326A3055100ED611F /* lioness.mp4 in Resources */ = {isa = PBXBuildFile; fileRef = 0529330926A3055100ED611F /* lioness.mp4 */; };
		0529331426A3055100ED611F /* rhino.mp4 in Resources */ = {isa = PBXBuildFile; fileRef = 0529330A26A3055100ED611F /* rhino.mp4 */; };
		0529331526A3055100ED611F /* lion.mp4 in Resources */ = {isa = PBXBuildFile; fileRef = 0529330B26A3055100ED611F /* lion.mp4 */; };
		0529331626A3055100ED611F /* elephant.mp4 in Resources */ = {isa = PBXBuildFile; fileRef = 0529330C26A3055100ED611F /* elephant.mp4 */; };
		0529331726A3055100ED611F /* gorilla.mp4 in Resources */ = {isa = PBXBuildFile; fileRef = 0529330D26A3055100ED611F /* gorilla.mp4 */; };
		0529331826A3055100ED611F /* zebra.mp4 in Resources */ = {isa = PBXBuildFile; fileRef = 0529330E26A3055100ED611F /* zebra.mp4 */; };
		0529331926A3055100ED611F /* giraffe.mp4 in Resources */ = {isa = PBXBuildFile; fileRef = 0529330F26A3055100ED611F /* giraffe.mp4 */; };
		0529331A26A3055100ED611F /* ostrich.mp4 in Resources */ = {isa = PBXBuildFile; fileRef = 0529331026A3055100ED611F /* ostrich.mp4 */; };
		0529331B26A3055100ED611F /* hippo.mp4 in Resources */ = {isa = PBXBuildFile; fileRef = 0529331126A3055100ED611F /* hippo.mp4 */; };
		0529331C26A3055100ED611F /* cheetah.mp4 in Resources */ = {isa = PBXBuildFile; fileRef = 0529331226A3055100ED611F /* cheetah.mp4 */; };
		0529332226A3059700ED611F /* locations.json in Resources */ = {isa = PBXBuildFile; fileRef = 0529331E26A3059700ED611F /* locations.json */; };
		0529332326A3059700ED611F /* videos.json in Resources */ = {isa = PBXBuildFile; fileRef = 0529331F26A3059700ED611F /* videos.json */; };
		0529332426A3059700ED611F /* animals.json in Resources */ = {isa = PBXBuildFile; fileRef = 0529332026A3059700ED611F /* animals.json */; };
		0529332526A3059700ED611F /* covers.json in Resources */ = {isa = PBXBuildFile; fileRef = 0529332126A3059700ED611F /* covers.json */; };
		0529332826A3086000ED611F /* VideoListView.swift in Sources */ = {isa = PBXBuildFile; fileRef = 0529332726A3086000ED611F /* VideoListView.swift */; };
		0529332A26A3087900ED611F /* MapView.swift in Sources */ = {isa = PBXBuildFile; fileRef = 0529332926A3087900ED611F /* MapView.swift */; };
		0529332C26A3089300ED611F /* GalleryView.swift in Sources */ = {isa = PBXBuildFile; fileRef = 0529332B26A3089300ED611F /* GalleryView.swift */; };
		0529332E26A308B400ED611F /* MainView.swift in Sources */ = {isa = PBXBuildFile; fileRef = 0529332D26A308B400ED611F /* MainView.swift */; };
		0529333126A30C6700ED611F /* CoverImageView.swift in Sources */ = {isa = PBXBuildFile; fileRef = 0529333026A30C6700ED611F /* CoverImageView.swift */; };
		0529333426A30E1F00ED611F /* CoverImageModel.swift in Sources */ = {isa = PBXBuildFile; fileRef = 0529333326A30E1F00ED611F /* CoverImageModel.swift */; };
		0529333726A30EE600ED611F /* CodableBundleExtension.swift in Sources */ = {isa = PBXBuildFile; fileRef = 0529333626A30EE600ED611F /* CodableBundleExtension.swift */; };
		0529333926A3456700ED611F /* AnimalListItemView.swift in Sources */ = {isa = PBXBuildFile; fileRef = 0529333826A3456700ED611F /* AnimalListItemView.swift */; };
		0529333B26A34FBE00ED611F /* AnimalModal.swift in Sources */ = {isa = PBXBuildFile; fileRef = 0529333A26A34FBE00ED611F /* AnimalModal.swift */; };
		058E3B3426A3562000DFBC13 /* AnimalDetailView.swift in Sources */ = {isa = PBXBuildFile; fileRef = 058E3B3326A3562000DFBC13 /* AnimalDetailView.swift */; };
/* End PBXBuildFile section */

/* Begin PBXFileReference section */
		052932F626A302A400ED611F /* Africa.app */ = {isa = PBXFileReference; explicitFileType = wrapper.application; includeInIndex = 0; path = Africa.app; sourceTree = BUILT_PRODUCTS_DIR; };
		052932F926A302A400ED611F /* AfricaApp.swift */ = {isa = PBXFileReference; lastKnownFileType = sourcecode.swift; path = AfricaApp.swift; sourceTree = "<group>"; };
		052932FB26A302A400ED611F /* ContentView.swift */ = {isa = PBXFileReference; lastKnownFileType = sourcecode.swift; path = ContentView.swift; sourceTree = "<group>"; };
		052932FD26A302A700ED611F /* Assets.xcassets */ = {isa = PBXFileReference; lastKnownFileType = folder.assetcatalog; path = Assets.xcassets; sourceTree = "<group>"; };
		0529330026A302A700ED611F /* Preview Assets.xcassets */ = {isa = PBXFileReference; lastKnownFileType = folder.assetcatalog; path = "Preview Assets.xcassets"; sourceTree = "<group>"; };
		0529330226A302A700ED611F /* Info.plist */ = {isa = PBXFileReference; lastKnownFileType = text.plist.xml; path = Info.plist; sourceTree = "<group>"; };
		0529330926A3055100ED611F /* lioness.mp4 */ = {isa = PBXFileReference; lastKnownFileType = file; name = lioness.mp4; path = "../../../SWIFTUI-APP-AFRICA-UPDATED/Resources/video/lioness.mp4"; sourceTree = "<group>"; };
		0529330A26A3055100ED611F /* rhino.mp4 */ = {isa = PBXFileReference; lastKnownFileType = file; name = rhino.mp4; path = "../../../SWIFTUI-APP-AFRICA-UPDATED/Resources/video/rhino.mp4"; sourceTree = "<group>"; };
		0529330B26A3055100ED611F /* lion.mp4 */ = {isa = PBXFileReference; lastKnownFileType = file; name = lion.mp4; path = "../../../SWIFTUI-APP-AFRICA-UPDATED/Resources/video/lion.mp4"; sourceTree = "<group>"; };
		0529330C26A3055100ED611F /* elephant.mp4 */ = {isa = PBXFileReference; lastKnownFileType = file; name = elephant.mp4; path = "../../../SWIFTUI-APP-AFRICA-UPDATED/Resources/video/elephant.mp4"; sourceTree = "<group>"; };
		0529330D26A3055100ED611F /* gorilla.mp4 */ = {isa = PBXFileReference; lastKnownFileType = file; name = gorilla.mp4; path = "../../../SWIFTUI-APP-AFRICA-UPDATED/Resources/video/gorilla.mp4"; sourceTree = "<group>"; };
		0529330E26A3055100ED611F /* zebra.mp4 */ = {isa = PBXFileReference; lastKnownFileType = file; name = zebra.mp4; path = "../../../SWIFTUI-APP-AFRICA-UPDATED/Resources/video/zebra.mp4"; sourceTree = "<group>"; };
		0529330F26A3055100ED611F /* giraffe.mp4 */ = {isa = PBXFileReference; lastKnownFileType = file; name = giraffe.mp4; path = "../../../SWIFTUI-APP-AFRICA-UPDATED/Resources/video/giraffe.mp4"; sourceTree = "<group>"; };
		0529331026A3055100ED611F /* ostrich.mp4 */ = {isa = PBXFileReference; lastKnownFileType = file; name = ostrich.mp4; path = "../../../SWIFTUI-APP-AFRICA-UPDATED/Resources/video/ostrich.mp4"; sourceTree = "<group>"; };
		0529331126A3055100ED611F /* hippo.mp4 */ = {isa = PBXFileReference; lastKnownFileType = file; name = hippo.mp4; path = "../../../SWIFTUI-APP-AFRICA-UPDATED/Resources/video/hippo.mp4"; sourceTree = "<group>"; };
		0529331226A3055100ED611F /* cheetah.mp4 */ = {isa = PBXFileReference; lastKnownFileType = file; name = cheetah.mp4; path = "../../../SWIFTUI-APP-AFRICA-UPDATED/Resources/video/cheetah.mp4"; sourceTree = "<group>"; };
		0529331E26A3059700ED611F /* locations.json */ = {isa = PBXFileReference; fileEncoding = 4; lastKnownFileType = text.json; name = locations.json; path = "../../../SWIFTUI-APP-AFRICA-UPDATED/Resources/data/locations.json"; sourceTree = "<group>"; };
		0529331F26A3059700ED611F /* videos.json */ = {isa = PBXFileReference; fileEncoding = 4; lastKnownFileType = text.json; name = videos.json; path = "../../../SWIFTUI-APP-AFRICA-UPDATED/Resources/data/videos.json"; sourceTree = "<group>"; };
		0529332026A3059700ED611F /* animals.json */ = {isa = PBXFileReference; fileEncoding = 4; lastKnownFileType = text.json; name = animals.json; path = "../../../SWIFTUI-APP-AFRICA-UPDATED/Resources/data/animals.json"; sourceTree = "<group>"; };
		0529332126A3059700ED611F /* covers.json */ = {isa = PBXFileReference; fileEncoding = 4; lastKnownFileType = text.json; name = covers.json; path = "../../../SWIFTUI-APP-AFRICA-UPDATED/Resources/data/covers.json"; sourceTree = "<group>"; };
		0529332726A3086000ED611F /* VideoListView.swift */ = {isa = PBXFileReference; lastKnownFileType = sourcecode.swift; path = VideoListView.swift; sourceTree = "<group>"; };
		0529332926A3087900ED611F /* MapView.swift */ = {isa = PBXFileReference; lastKnownFileType = sourcecode.swift; path = MapView.swift; sourceTree = "<group>"; };
		0529332B26A3089300ED611F /* GalleryView.swift */ = {isa = PBXFileReference; lastKnownFileType = sourcecode.swift; path = GalleryView.swift; sourceTree = "<group>"; };
		0529332D26A308B400ED611F /* MainView.swift */ = {isa = PBXFileReference; lastKnownFileType = sourcecode.swift; path = MainView.swift; sourceTree = "<group>"; };
		0529333026A30C6700ED611F /* CoverImageView.swift */ = {isa = PBXFileReference; lastKnownFileType = sourcecode.swift; path = CoverImageView.swift; sourceTree = "<group>"; };
		0529333326A30E1F00ED611F /* CoverImageModel.swift */ = {isa = PBXFileReference; lastKnownFileType = sourcecode.swift; path = CoverImageModel.swift; sourceTree = "<group>"; };
		0529333626A30EE600ED611F /* CodableBundleExtension.swift */ = {isa = PBXFileReference; lastKnownFileType = sourcecode.swift; path = CodableBundleExtension.swift; sourceTree = "<group>"; };
		0529333826A3456700ED611F /* AnimalListItemView.swift */ = {isa = PBXFileReference; lastKnownFileType = sourcecode.swift; path = AnimalListItemView.swift; sourceTree = "<group>"; };
		0529333A26A34FBE00ED611F /* AnimalModal.swift */ = {isa = PBXFileReference; lastKnownFileType = sourcecode.swift; path = AnimalModal.swift; sourceTree = "<group>"; };
		058E3B3326A3562000DFBC13 /* AnimalDetailView.swift */ = {isa = PBXFileReference; lastKnownFileType = sourcecode.swift; path = AnimalDetailView.swift; sourceTree = "<group>"; };
/* End PBXFileReference section */

/* Begin PBXFrameworksBuildPhase section */
		052932F326A302A400ED611F /* Frameworks */ = {
			isa = PBXFrameworksBuildPhase;
			buildActionMask = 2147483647;
			files = (
			);
			runOnlyForDeploymentPostprocessing = 0;
		};
/* End PBXFrameworksBuildPhase section */

/* Begin PBXGroup section */
		052932ED26A302A400ED611F = {
			isa = PBXGroup;
			children = (
				052932F826A302A400ED611F /* Africa */,
				052932F726A302A400ED611F /* Products */,
			);
			sourceTree = "<group>";
		};
		052932F726A302A400ED611F /* Products */ = {
			isa = PBXGroup;
			children = (
				052932F626A302A400ED611F /* Africa.app */,
			);
			name = Products;
			sourceTree = "<group>";
		};
		052932F826A302A400ED611F /* Africa */ = {
			isa = PBXGroup;
			children = (
				0529333526A30ECE00ED611F /* Extension */,
				0529333226A30E0900ED611F /* Model */,
				0529332F26A30C5800ED611F /* View */,
				0529332626A307ED00ED611F /* App */,
				0529331D26A3057F00ED611F /* Data */,
				0529330826A3053800ED611F /* Video */,
				052932FD26A302A700ED611F /* Assets.xcassets */,
				0529330226A302A700ED611F /* Info.plist */,
				052932FF26A302A700ED611F /* Preview Content */,
			);
			path = Africa;
			sourceTree = "<group>";
		};
		052932FF26A302A700ED611F /* Preview Content */ = {
			isa = PBXGroup;
			children = (
				0529330026A302A700ED611F /* Preview Assets.xcassets */,
			);
			path = "Preview Content";
			sourceTree = "<group>";
		};
		0529330826A3053800ED611F /* Video */ = {
			isa = PBXGroup;
			children = (
				0529331226A3055100ED611F /* cheetah.mp4 */,
				0529330C26A3055100ED611F /* elephant.mp4 */,
				0529330F26A3055100ED611F /* giraffe.mp4 */,
				0529330D26A3055100ED611F /* gorilla.mp4 */,
				0529331126A3055100ED611F /* hippo.mp4 */,
				0529330B26A3055100ED611F /* lion.mp4 */,
				0529330926A3055100ED611F /* lioness.mp4 */,
				0529331026A3055100ED611F /* ostrich.mp4 */,
				0529330A26A3055100ED611F /* rhino.mp4 */,
				0529330E26A3055100ED611F /* zebra.mp4 */,
			);
			path = Video;
			sourceTree = "<group>";
		};
		0529331D26A3057F00ED611F /* Data */ = {
			isa = PBXGroup;
			children = (
				0529332026A3059700ED611F /* animals.json */,
				0529332126A3059700ED611F /* covers.json */,
				0529331E26A3059700ED611F /* locations.json */,
				0529331F26A3059700ED611F /* videos.json */,
			);
			path = Data;
			sourceTree = "<group>";
		};
		0529332626A307ED00ED611F /* App */ = {
			isa = PBXGroup;
			children = (
				052932F926A302A400ED611F /* AfricaApp.swift */,
				052932FB26A302A400ED611F /* ContentView.swift */,
				0529332726A3086000ED611F /* VideoListView.swift */,
				0529332926A3087900ED611F /* MapView.swift */,
				0529332B26A3089300ED611F /* GalleryView.swift */,
				0529332D26A308B400ED611F /* MainView.swift */,
			);
			path = App;
			sourceTree = "<group>";
		};
		0529332F26A30C5800ED611F /* View */ = {
			isa = PBXGroup;
			children = (
				0529333026A30C6700ED611F /* CoverImageView.swift */,
				0529333826A3456700ED611F /* AnimalListItemView.swift */,
				058E3B3326A3562000DFBC13 /* AnimalDetailView.swift */,
			);
			path = View;
			sourceTree = "<group>";
		};
		0529333226A30E0900ED611F /* Model */ = {
			isa = PBXGroup;
			children = (
				0529333326A30E1F00ED611F /* CoverImageModel.swift */,
				0529333A26A34FBE00ED611F /* AnimalModal.swift */,
			);
			path = Model;
			sourceTree = "<group>";
		};
		0529333526A30ECE00ED611F /* Extension */ = {
			isa = PBXGroup;
			children = (
				0529333626A30EE600ED611F /* CodableBundleExtension.swift */,
			);
			path = Extension;
			sourceTree = "<group>";
		};
/* End PBXGroup section */

/* Begin PBXNativeTarget section */
		052932F526A302A400ED611F /* Africa */ = {
			isa = PBXNativeTarget;
			buildConfigurationList = 0529330526A302A700ED611F /* Build configuration list for PBXNativeTarget "Africa" */;
			buildPhases = (
				052932F226A302A400ED611F /* Sources */,
				052932F326A302A400ED611F /* Frameworks */,
				052932F426A302A400ED611F /* Resources */,
			);
			buildRules = (
			);
			dependencies = (
			);
			name = Africa;
			productName = Africa;
			productReference = 052932F626A302A400ED611F /* Africa.app */;
			productType = "com.apple.product-type.application";
		};
/* End PBXNativeTarget section */

/* Begin PBXProject section */
		052932EE26A302A400ED611F /* Project object */ = {
			isa = PBXProject;
			attributes = {
				LastSwiftUpdateCheck = 1250;
				LastUpgradeCheck = 1250;
				TargetAttributes = {
					052932F526A302A400ED611F = {
						CreatedOnToolsVersion = 12.5.1;
					};
				};
			};
			buildConfigurationList = 052932F126A302A400ED611F /* Build configuration list for PBXProject "Africa" */;
			compatibilityVersion = "Xcode 9.3";
			developmentRegion = en;
			hasScannedForEncodings = 0;
			knownRegions = (
				en,
				Base,
			);
			mainGroup = 052932ED26A302A400ED611F;
			productRefGroup = 052932F726A302A400ED611F /* Products */;
			projectDirPath = "";
			projectRoot = "";
			targets = (
				052932F526A302A400ED611F /* Africa */,
			);
		};
/* End PBXProject section */

/* Begin PBXResourcesBuildPhase section */
		052932F426A302A400ED611F /* Resources */ = {
			isa = PBXResourcesBuildPhase;
			buildActionMask = 2147483647;
			files = (
				0529332426A3059700ED611F /* animals.json in Resources */,
				0529332226A3059700ED611F /* locations.json in Resources */,
				0529331426A3055100ED611F /* rhino.mp4 in Resources */,
				0529331B26A3055100ED611F /* hippo.mp4 in Resources */,
				0529332326A3059700ED611F /* videos.json in Resources */,
				0529332526A3059700ED611F /* covers.json in Resources */,
				0529330126A302A700ED611F /* Preview Assets.xcassets in Resources */,
				0529331626A3055100ED611F /* elephant.mp4 in Resources */,
				0529331726A3055100ED611F /* gorilla.mp4 in Resources */,
				0529331826A3055100ED611F /* zebra.mp4 in Resources */,
				052932FE26A302A700ED611F /* Assets.xcassets in Resources */,
				0529331526A3055100ED611F /* lion.mp4 in Resources */,
				0529331C26A3055100ED611F /* cheetah.mp4 in Resources */,
				0529331326A3055100ED611F /* lioness.mp4 in Resources */,
				0529331A26A3055100ED611F /* ostrich.mp4 in Resources */,
				0529331926A3055100ED611F /* giraffe.mp4 in Resources */,
			);
			runOnlyForDeploymentPostprocessing = 0;
		};
/* End PBXResourcesBuildPhase section */

/* Begin PBXSourcesBuildPhase section */
		052932F226A302A400ED611F /* Sources */ = {
			isa = PBXSourcesBuildPhase;
			buildActionMask = 2147483647;
			files = (
				052932FC26A302A400ED611F /* ContentView.swift in Sources */,
				0529333926A3456700ED611F /* AnimalListItemView.swift in Sources */,
				0529333B26A34FBE00ED611F /* AnimalModal.swift in Sources */,
				0529332E26A308B400ED611F /* MainView.swift in Sources */,
				0529333126A30C6700ED611F /* CoverImageView.swift in Sources */,
				058E3B3426A3562000DFBC13 /* AnimalDetailView.swift in Sources */,
				0529333426A30E1F00ED611F /* CoverImageModel.swift in Sources */,
				0529332C26A3089300ED611F /* GalleryView.swift in Sources */,
				0529332A26A3087900ED611F /* MapView.swift in Sources */,
				052932FA26A302A400ED611F /* AfricaApp.swift in Sources */,
				0529332826A3086000ED611F /* VideoListView.swift in Sources */,
				0529333726A30EE600ED611F /* CodableBundleExtension.swift in Sources */,
			);
			runOnlyForDeploymentPostprocessing = 0;
		};
/* End PBXSourcesBuildPhase section */

/* Begin XCBuildConfiguration section */
		0529330326A302A700ED611F /* Debug */ = {
			isa = XCBuildConfiguration;
			buildSettings = {
				ALWAYS_SEARCH_USER_PATHS = NO;
				CLANG_ANALYZER_NONNULL = YES;
				CLANG_ANALYZER_NUMBER_OBJECT_CONVERSION = YES_AGGRESSIVE;
				CLANG_CXX_LANGUAGE_STANDARD = "gnu++14";
				CLANG_CXX_LIBRARY = "libc++";
				CLANG_ENABLE_MODULES = YES;
				CLANG_ENABLE_OBJC_ARC = YES;
				CLANG_ENABLE_OBJC_WEAK = YES;
				CLANG_WARN_BLOCK_CAPTURE_AUTORELEASING = YES;
				CLANG_WARN_BOOL_CONVERSION = YES;
				CLANG_WARN_COMMA = YES;
				CLANG_WARN_CONSTANT_CONVERSION = YES;
				CLANG_WARN_DEPRECATED_OBJC_IMPLEMENTATIONS = YES;
				CLANG_WARN_DIRECT_OBJC_ISA_USAGE = YES_ERROR;
				CLANG_WARN_DOCUMENTATION_COMMENTS = YES;
				CLANG_WARN_EMPTY_BODY = YES;
				CLANG_WARN_ENUM_CONVERSION = YES;
				CLANG_WARN_INFINITE_RECURSION = YES;
				CLANG_WARN_INT_CONVERSION = YES;
				CLANG_WARN_NON_LITERAL_NULL_CONVERSION = YES;
				CLANG_WARN_OBJC_IMPLICIT_RETAIN_SELF = YES;
				CLANG_WARN_OBJC_LITERAL_CONVERSION = YES;
				CLANG_WARN_OBJC_ROOT_CLASS = YES_ERROR;
				CLANG_WARN_QUOTED_INCLUDE_IN_FRAMEWORK_HEADER = YES;
				CLANG_WARN_RANGE_LOOP_ANALYSIS = YES;
				CLANG_WARN_STRICT_PROTOTYPES = YES;
				CLANG_WARN_SUSPICIOUS_MOVE = YES;
				CLANG_WARN_UNGUARDED_AVAILABILITY = YES_AGGRESSIVE;
				CLANG_WARN_UNREACHABLE_CODE = YES;
				CLANG_WARN__DUPLICATE_METHOD_MATCH = YES;
				COPY_PHASE_STRIP = NO;
				DEBUG_INFORMATION_FORMAT = dwarf;
				ENABLE_STRICT_OBJC_MSGSEND = YES;
				ENABLE_TESTABILITY = YES;
				GCC_C_LANGUAGE_STANDARD = gnu11;
				GCC_DYNAMIC_NO_PIC = NO;
				GCC_NO_COMMON_BLOCKS = YES;
				GCC_OPTIMIZATION_LEVEL = 0;
				GCC_PREPROCESSOR_DEFINITIONS = (
					"DEBUG=1",
					"$(inherited)",
				);
				GCC_WARN_64_TO_32_BIT_CONVERSION = YES;
				GCC_WARN_ABOUT_RETURN_TYPE = YES_ERROR;
				GCC_WARN_UNDECLARED_SELECTOR = YES;
				GCC_WARN_UNINITIALIZED_AUTOS = YES_AGGRESSIVE;
				GCC_WARN_UNUSED_FUNCTION = YES;
				GCC_WARN_UNUSED_VARIABLE = YES;
				IPHONEOS_DEPLOYMENT_TARGET = 14.5;
				MTL_ENABLE_DEBUG_INFO = INCLUDE_SOURCE;
				MTL_FAST_MATH = YES;
				ONLY_ACTIVE_ARCH = YES;
				SDKROOT = iphoneos;
				SWIFT_ACTIVE_COMPILATION_CONDITIONS = DEBUG;
				SWIFT_OPTIMIZATION_LEVEL = "-Onone";
			};
			name = Debug;
		};
		0529330426A302A700ED611F /* Release */ = {
			isa = XCBuildConfiguration;
			buildSettings = {
				ALWAYS_SEARCH_USER_PATHS = NO;
				CLANG_ANALYZER_NONNULL = YES;
				CLANG_ANALYZER_NUMBER_OBJECT_CONVERSION = YES_AGGRESSIVE;
				CLANG_CXX_LANGUAGE_STANDARD = "gnu++14";
				CLANG_CXX_LIBRARY = "libc++";
				CLANG_ENABLE_MODULES = YES;
				CLANG_ENABLE_OBJC_ARC = YES;
				CLANG_ENABLE_OBJC_WEAK = YES;
				CLANG_WARN_BLOCK_CAPTURE_AUTORELEASING = YES;
				CLANG_WARN_BOOL_CONVERSION = YES;
				CLANG_WARN_COMMA = YES;
				CLANG_WARN_CONSTANT_CONVERSION = YES;
				CLANG_WARN_DEPRECATED_OBJC_IMPLEMENTATIONS = YES;
				CLANG_WARN_DIRECT_OBJC_ISA_USAGE = YES_ERROR;
				CLANG_WARN_DOCUMENTATION_COMMENTS = YES;
				CLANG_WARN_EMPTY_BODY = YES;
				CLANG_WARN_ENUM_CONVERSION = YES;
				CLANG_WARN_INFINITE_RECURSION = YES;
				CLANG_WARN_INT_CONVERSION = YES;
				CLANG_WARN_NON_LITERAL_NULL_CONVERSION = YES;
				CLANG_WARN_OBJC_IMPLICIT_RETAIN_SELF = YES;
				CLANG_WARN_OBJC_LITERAL_CONVERSION = YES;
				CLANG_WARN_OBJC_ROOT_CLASS = YES_ERROR;
				CLANG_WARN_QUOTED_INCLUDE_IN_FRAMEWORK_HEADER = YES;
				CLANG_WARN_RANGE_LOOP_ANALYSIS = YES;
				CLANG_WARN_STRICT_PROTOTYPES = YES;
				CLANG_WARN_SUSPICIOUS_MOVE = YES;
				CLANG_WARN_UNGUARDED_AVAILABILITY = YES_AGGRESSIVE;
				CLANG_WARN_UNREACHABLE_CODE = YES;
				CLANG_WARN__DUPLICATE_METHOD_MATCH = YES;
				COPY_PHASE_STRIP = NO;
				DEBUG_INFORMATION_FORMAT = "dwarf-with-dsym";
				ENABLE_NS_ASSERTIONS = NO;
				ENABLE_STRICT_OBJC_MSGSEND = YES;
				GCC_C_LANGUAGE_STANDARD = gnu11;
				GCC_NO_COMMON_BLOCKS = YES;
				GCC_WARN_64_TO_32_BIT_CONVERSION = YES;
				GCC_WARN_ABOUT_RETURN_TYPE = YES_ERROR;
				GCC_WARN_UNDECLARED_SELECTOR = YES;
				GCC_WARN_UNINITIALIZED_AUTOS = YES_AGGRESSIVE;
				GCC_WARN_UNUSED_FUNCTION = YES;
				GCC_WARN_UNUSED_VARIABLE = YES;
				IPHONEOS_DEPLOYMENT_TARGET = 14.5;
				MTL_ENABLE_DEBUG_INFO = NO;
				MTL_FAST_MATH = YES;
				SDKROOT = iphoneos;
				SWIFT_COMPILATION_MODE = wholemodule;
				SWIFT_OPTIMIZATION_LEVEL = "-O";
				VALIDATE_PRODUCT = YES;
			};
			name = Release;
		};
		0529330626A302A700ED611F /* Debug */ = {
			isa = XCBuildConfiguration;
			buildSettings = {
				ASSETCATALOG_COMPILER_APPICON_NAME = AppIcon;
				ASSETCATALOG_COMPILER_GLOBAL_ACCENT_COLOR_NAME = AccentColor;
				CODE_SIGN_STYLE = Automatic;
				DEVELOPMENT_ASSET_PATHS = "\"Africa/Preview Content\"";
				DEVELOPMENT_TEAM = ZLRHSN44X4;
				ENABLE_PREVIEWS = YES;
				INFOPLIST_FILE = Africa/Info.plist;
				IPHONEOS_DEPLOYMENT_TARGET = 14.0;
				LD_RUNPATH_SEARCH_PATHS = (
					"$(inherited)",
					"@executable_path/Frameworks",
				);
				PRODUCT_BUNDLE_IDENTIFIER = camargo.joao.com.br.Africa;
				PRODUCT_NAME = "$(TARGET_NAME)";
				SWIFT_VERSION = 5.0;
				TARGETED_DEVICE_FAMILY = "1,2";
			};
			name = Debug;
		};
		0529330726A302A700ED611F /* Release */ = {
			isa = XCBuildConfiguration;
			buildSettings = {
				ASSETCATALOG_COMPILER_APPICON_NAME = AppIcon;
				ASSETCATALOG_COMPILER_GLOBAL_ACCENT_COLOR_NAME = AccentColor;
				CODE_SIGN_STYLE = Automatic;
				DEVELOPMENT_ASSET_PATHS = "\"Africa/Preview Content\"";
				DEVELOPMENT_TEAM = ZLRHSN44X4;
				ENABLE_PREVIEWS = YES;
				INFOPLIST_FILE = Africa/Info.plist;
				IPHONEOS_DEPLOYMENT_TARGET = 14.0;
				LD_RUNPATH_SEARCH_PATHS = (
					"$(inherited)",
					"@executable_path/Frameworks",
				);
				PRODUCT_BUNDLE_IDENTIFIER = camargo.joao.com.br.Africa;
				PRODUCT_NAME = "$(TARGET_NAME)";
				SWIFT_VERSION = 5.0;
				TARGETED_DEVICE_FAMILY = "1,2";
			};
			name = Release;
		};
/* End XCBuildConfiguration section */

/* Begin XCConfigurationList section */
		052932F126A302A400ED611F /* Build configuration list for PBXProject "Africa" */ = {
			isa = XCConfigurationList;
			buildConfigurations = (
				0529330326A302A700ED611F /* Debug */,
				0529330426A302A700ED611F /* Release */,
			);
			defaultConfigurationIsVisible = 0;
			defaultConfigurationName = Release;
		};
		0529330526A302A700ED611F /* Build configuration list for PBXNativeTarget "Africa" */ = {
			isa = XCConfigurationList;
			buildConfigurations = (
				0529330626A302A700ED611F /* Debug */,
				0529330726A302A700ED611F /* Release */,
			);
			defaultConfigurationIsVisible = 0;
			defaultConfigurationName = Release;
		};
/* End XCConfigurationList section */
	};
	rootObject = 052932EE26A302A400ED611F /* Project object */;
}
